
Microsoft Visual Studio Solution File, Format Version 12.00
# Visual Studio Version 16
VisualStudioVersion = 16.0.808.4
MinimumVisualStudioVersion = 10.0.40219.1
Project("{FAE04EC0-301F-11D3-BF4B-00C04F79EFBC}") = "Arrays_Lists_Collections", "Arrays_Lists_Collections\Arrays_Lists_Collections.csproj", "{2A6FB42D-4172-46EF-B2A2-9D7A405B1DD2}"
EndProject
Global
	GlobalSection(SolutionConfigurationPlatforms) = preSolution
		Debug|Any CPU = Debug|Any CPU
		Release|Any CPU = Release|Any CPU
	EndGlobalSection
	GlobalSection(ProjectConfigurationPlatforms) = postSolution
		{2A6FB42D-4172-46EF-B2A2-9D7A405B1DD2}.Debug|Any CPU.ActiveCfg = Debug|Any CPU
		{2A6FB42D-4172-46EF-B2A2-9D7A405B1DD2}.Debug|Any CPU.Build.0 = Debug|Any CPU
		{2A6FB42D-4172-46EF-B2A2-9D7A405B1DD2}.Release|Any CPU.ActiveCfg = Release|Any CPU
		{2A6FB42D-4172-46EF-B2A2-9D7A405B1DD2}.Release|Any CPU.Build.0 = Release|Any CPU
	EndGlobalSection
	GlobalSection(SolutionProperties) = preSolution
		HideSolutionNode = FALSE
	EndGlobalSection
	GlobalSection(ExtensibilityGlobals) = postSolution
		SolutionGuid = {830703D7-ECA6-4B05-9F21-608FCBCF6DB8}
	EndGlobalSection
EndGlobal
